
Microsoft Visual Studio Solution File, Format Version 12.00
# Visual Studio 15
VisualStudioVersion = 15.0.26124.0
MinimumVisualStudioVersion = 15.0.26124.0
Project("{2150E333-8FDC-42A3-9474-1A3956D46DE8}") = "src", "src", "{C97F6D11-B233-438E-9EF2-DD5156DB4675}"
EndProject
Project("{FAE04EC0-301F-11D3-BF4B-00C04F79EFBC}") = "NettyRPCDemo.Server", "src\NettyRPCDemo.Server\NettyRPCDemo.Server.csproj", "{BAC7994B-EB3D-4619-A288-91C4EE8C28AE}"
EndProject
Project("{FAE04EC0-301F-11D3-BF4B-00C04F79EFBC}") = "NettyRPCDemo.Client", "src\NettyRPCDemo.Client\NettyRPCDemo.Client.csproj", "{54B13B1C-7810-4B6E-AF47-BEC1598A2602}"
EndProject
Project("{FAE04EC0-301F-11D3-BF4B-00C04F79EFBC}") = "NettyRPCDemo.Protocol", "src\NettyRPCDemo.Protocol\NettyRPCDemo.Protocol.csproj", "{7AA22A33-27E0-4128-9027-58E040A98748}"
EndProject
Global
	GlobalSection(SolutionConfigurationPlatforms) = preSolution
		Debug|Any CPU = Debug|Any CPU
		Debug|x64 = Debug|x64
		Debug|x86 = Debug|x86
		Release|Any CPU = Release|Any CPU
		Release|x64 = Release|x64
		Release|x86 = Release|x86
	EndGlobalSection
	GlobalSection(SolutionProperties) = preSolution
		HideSolutionNode = FALSE
	EndGlobalSection
	GlobalSection(ProjectConfigurationPlatforms) = postSolution
		{BAC7994B-EB3D-4619-A288-91C4EE8C28AE}.Debug|Any CPU.ActiveCfg = Debug|Any CPU
		{BAC7994B-EB3D-4619-A288-91C4EE8C28AE}.Debug|Any CPU.Build.0 = Debug|Any CPU
		{BAC7994B-EB3D-4619-A288-91C4EE8C28AE}.Debug|x64.ActiveCfg = Debug|Any CPU
		{BAC7994B-EB3D-4619-A288-91C4EE8C28AE}.Debug|x64.Build.0 = Debug|Any CPU
		{BAC7994B-EB3D-4619-A288-91C4EE8C28AE}.Debug|x86.ActiveCfg = Debug|Any CPU
		{BAC7994B-EB3D-4619-A288-91C4EE8C28AE}.Debug|x86.Build.0 = Debug|Any CPU
		{BAC7994B-EB3D-4619-A288-91C4EE8C28AE}.Release|Any CPU.ActiveCfg = Release|Any CPU
		{BAC7994B-EB3D-4619-A288-91C4EE8C28AE}.Release|Any CPU.Build.0 = Release|Any CPU
		{BAC7994B-EB3D-4619-A288-91C4EE8C28AE}.Release|x64.ActiveCfg = Release|Any CPU
		{BAC7994B-EB3D-4619-A288-91C4EE8C28AE}.Release|x64.Build.0 = Release|Any CPU
		{BAC7994B-EB3D-4619-A288-91C4EE8C28AE}.Release|x86.ActiveCfg = Release|Any CPU
		{BAC7994B-EB3D-4619-A288-91C4EE8C28AE}.Release|x86.Build.0 = Release|Any CPU
		{54B13B1C-7810-4B6E-AF47-BEC1598A2602}.Debug|Any CPU.ActiveCfg = Debug|Any CPU
		{54B13B1C-7810-4B6E-AF47-BEC1598A2602}.Debug|Any CPU.Build.0 = Debug|Any CPU
		{54B13B1C-7810-4B6E-AF47-BEC1598A2602}.Debug|x64.ActiveCfg = Debug|Any CPU
		{54B13B1C-7810-4B6E-AF47-BEC1598A2602}.Debug|x64.Build.0 = Debug|Any CPU
		{54B13B1C-7810-4B6E-AF47-BEC1598A2602}.Debug|x86.ActiveCfg = Debug|Any CPU
		{54B13B1C-7810-4B6E-AF47-BEC1598A2602}.Debug|x86.Build.0 = Debug|Any CPU
		{54B13B1C-7810-4B6E-AF47-BEC1598A2602}.Release|Any CPU.ActiveCfg = Release|Any CPU
		{54B13B1C-7810-4B6E-AF47-BEC1598A2602}.Release|Any CPU.Build.0 = Release|Any CPU
		{54B13B1C-7810-4B6E-AF47-BEC1598A2602}.Release|x64.ActiveCfg = Release|Any CPU
		{54B13B1C-7810-4B6E-AF47-BEC1598A2602}.Release|x64.Build.0 = Release|Any CPU
		{54B13B1C-7810-4B6E-AF47-BEC1598A2602}.Release|x86.ActiveCfg = Release|Any CPU
		{54B13B1C-7810-4B6E-AF47-BEC1598A2602}.Release|x86.Build.0 = Release|Any CPU
		{7AA22A33-27E0-4128-9027-58E040A98748}.Debug|Any CPU.ActiveCfg = Debug|Any CPU
		{7AA22A33-27E0-4128-9027-58E040A98748}.Debug|Any CPU.Build.0 = Debug|Any CPU
		{7AA22A33-27E0-4128-9027-58E040A98748}.Debug|x64.ActiveCfg = Debug|Any CPU
		{7AA22A33-27E0-4128-9027-58E040A98748}.Debug|x64.Build.0 = Debug|Any CPU
		{7AA22A33-27E0-4128-9027-58E040A98748}.Debug|x86.ActiveCfg = Debug|Any CPU
		{7AA22A33-27E0-4128-9027-58E040A98748}.Debug|x86.Build.0 = Debug|Any CPU
		{7AA22A33-27E0-4128-9027-58E040A98748}.Release|Any CPU.ActiveCfg = Release|Any CPU
		{7AA22A33-27E0-4128-9027-58E040A98748}.Release|Any CPU.Build.0 = Release|Any CPU
		{7AA22A33-27E0-4128-9027-58E040A98748}.Release|x64.ActiveCfg = Release|Any CPU
		{7AA22A33-27E0-4128-9027-58E040A98748}.Release|x64.Build.0 = Release|Any CPU
		{7AA22A33-27E0-4128-9027-58E040A98748}.Release|x86.ActiveCfg = Release|Any CPU
		{7AA22A33-27E0-4128-9027-58E040A98748}.Release|x86.Build.0 = Release|Any CPU
	EndGlobalSection
	GlobalSection(NestedProjects) = preSolution
		{BAC7994B-EB3D-4619-A288-91C4EE8C28AE} = {C97F6D11-B233-438E-9EF2-DD5156DB4675}
		{54B13B1C-7810-4B6E-AF47-BEC1598A2602} = {C97F6D11-B233-438E-9EF2-DD5156DB4675}
		{7AA22A33-27E0-4128-9027-58E040A98748} = {C97F6D11-B233-438E-9EF2-DD5156DB4675}
	EndGlobalSection
EndGlobal
